// !$*UTF8*$!
{
	archiveVersion = 1;
	classes = {
	};
	objectVersion = 52;
	objects = {

/* Begin PBXBuildFile section */
		979C7CE526CCD566000FBE86 /* AppDelegate.swift in Sources */ = {isa = PBXBuildFile; fileRef = 979C7CE426CCD566000FBE86 /* AppDelegate.swift */; };
		979C7CE926CCD566000FBE86 /* ViewController.swift in Sources */ = {isa = PBXBuildFile; fileRef = 979C7CE826CCD566000FBE86 /* ViewController.swift */; };
		979C7CEE26CCD56D000FBE86 /* Assets.xcassets in Resources */ = {isa = PBXBuildFile; fileRef = 979C7CED26CCD56D000FBE86 /* Assets.xcassets */; };
		979C7CF126CCD56D000FBE86 /* LaunchScreen.storyboard in Resources */ = {isa = PBXBuildFile; fileRef = 979C7CEF26CCD56D000FBE86 /* LaunchScreen.storyboard */; };
		97CCA8F526CE2A1200AA4276 /* Coordinator.swift in Sources */ = {isa = PBXBuildFile; fileRef = 97CCA8F426CE2A1200AA4276 /* Coordinator.swift */; };
		97D542B426CCFE81008F04A0 /* Framezilla.xcframework in Frameworks */ = {isa = PBXBuildFile; fileRef = 97D542A826CCFCDF008F04A0 /* Framezilla.xcframework */; };
		97D542B826CD039E008F04A0 /* SecondViewController.swift in Sources */ = {isa = PBXBuildFile; fileRef = 97D542B726CD039E008F04A0 /* SecondViewController.swift */; };
		97D542BA26CD08B5008F04A0 /* ImageService.swift in Sources */ = {isa = PBXBuildFile; fileRef = 97D542B926CD08B5008F04A0 /* ImageService.swift */; };
		97FBEB9126CE35AD00FD5902 /* SceneDelegate.swift in Sources */ = {isa = PBXBuildFile; fileRef = 97FBEB9026CE35AD00FD5902 /* SceneDelegate.swift */; };
		97FBEB9326CE50C400FD5902 /* UIVIew+Sugar.swift in Sources */ = {isa = PBXBuildFile; fileRef = 97FBEB9226CE50C400FD5902 /* UIVIew+Sugar.swift */; };
/* End PBXBuildFile section */

/* Begin PBXFileReference section */
		979C7CE126CCD566000FBE86 /* NewButtonApp.app */ = {isa = PBXFileReference; explicitFileType = wrapper.application; includeInIndex = 0; path = NewButtonApp.app; sourceTree = BUILT_PRODUCTS_DIR; };
		979C7CE426CCD566000FBE86 /* AppDelegate.swift */ = {isa = PBXFileReference; lastKnownFileType = sourcecode.swift; path = AppDelegate.swift; sourceTree = "<group>"; };
		979C7CE826CCD566000FBE86 /* ViewController.swift */ = {isa = PBXFileReference; lastKnownFileType = sourcecode.swift; path = ViewController.swift; sourceTree = "<group>"; };
		979C7CED26CCD56D000FBE86 /* Assets.xcassets */ = {isa = PBXFileReference; lastKnownFileType = folder.assetcatalog; path = Assets.xcassets; sourceTree = "<group>"; };
		979C7CF026CCD56D000FBE86 /* Base */ = {isa = PBXFileReference; lastKnownFileType = file.storyboard; name = Base; path = Base.lproj/LaunchScreen.storyboard; sourceTree = "<group>"; };
		979C7CF226CCD56D000FBE86 /* Info.plist */ = {isa = PBXFileReference; lastKnownFileType = text.plist.xml; path = Info.plist; sourceTree = "<group>"; };
		97CCA8F426CE2A1200AA4276 /* Coordinator.swift */ = {isa = PBXFileReference; lastKnownFileType = sourcecode.swift; path = Coordinator.swift; sourceTree = "<group>"; };
		97D542A826CCFCDF008F04A0 /* Framezilla.xcframework */ = {isa = PBXFileReference; lastKnownFileType = wrapper.xcframework; name = Framezilla.xcframework; path = Carthage/Build/Framezilla.xcframework; sourceTree = "<group>"; };
		97D542AC26CCFD21008F04A0 /* Framezilla.framework */ = {isa = PBXFileReference; lastKnownFileType = wrapper.framework; name = Framezilla.framework; path = "Carthage/Build/Framezilla.xcframework/ios-arm64_armv7/Framezilla.framework"; sourceTree = "<group>"; };
		97D542B026CCFD8B008F04A0 /* Framezilla.framework */ = {isa = PBXFileReference; lastKnownFileType = wrapper.framework; name = Framezilla.framework; path = "Carthage/Build/Framezilla.xcframework/ios-arm64_i386_x86_64-simulator/Framezilla.framework"; sourceTree = "<group>"; };
		97D542B726CD039E008F04A0 /* SecondViewController.swift */ = {isa = PBXFileReference; lastKnownFileType = sourcecode.swift; path = SecondViewController.swift; sourceTree = "<group>"; };
		97D542B926CD08B5008F04A0 /* ImageService.swift */ = {isa = PBXFileReference; lastKnownFileType = sourcecode.swift; path = ImageService.swift; sourceTree = "<group>"; };
		97FBEB9026CE35AD00FD5902 /* SceneDelegate.swift */ = {isa = PBXFileReference; fileEncoding = 4; lastKnownFileType = sourcecode.swift; path = SceneDelegate.swift; sourceTree = "<group>"; };
		97FBEB9226CE50C400FD5902 /* UIVIew+Sugar.swift */ = {isa = PBXFileReference; lastKnownFileType = sourcecode.swift; path = "UIVIew+Sugar.swift"; sourceTree = "<group>"; };
/* End PBXFileReference section */

/* Begin PBXFrameworksBuildPhase section */
		979C7CDE26CCD566000FBE86 /* Frameworks */ = {
			isa = PBXFrameworksBuildPhase;
			buildActionMask = 2147483647;
			files = (
				97D542B426CCFE81008F04A0 /* Framezilla.xcframework in Frameworks */,
			);
			runOnlyForDeploymentPostprocessing = 0;
		};
/* End PBXFrameworksBuildPhase section */

/* Begin PBXGroup section */
		979C7CD826CCD566000FBE86 = {
			isa = PBXGroup;
			children = (
				979C7CE326CCD566000FBE86 /* NewButtonApp */,
				979C7CE226CCD566000FBE86 /* Products */,
				97D542A726CCFCDF008F04A0 /* Frameworks */,
			);
			sourceTree = "<group>";
		};
		979C7CE226CCD566000FBE86 /* Products */ = {
			isa = PBXGroup;
			children = (
				979C7CE126CCD566000FBE86 /* NewButtonApp.app */,
			);
			name = Products;
			sourceTree = "<group>";
		};
		979C7CE326CCD566000FBE86 /* NewButtonApp */ = {
			isa = PBXGroup;
			children = (
				979C7CE426CCD566000FBE86 /* AppDelegate.swift */,
				97FBEB9026CE35AD00FD5902 /* SceneDelegate.swift */,
				979C7CE826CCD566000FBE86 /* ViewController.swift */,
				979C7CED26CCD56D000FBE86 /* Assets.xcassets */,
				979C7CEF26CCD56D000FBE86 /* LaunchScreen.storyboard */,
				979C7CF226CCD56D000FBE86 /* Info.plist */,
				97D542B726CD039E008F04A0 /* SecondViewController.swift */,
				97D542B926CD08B5008F04A0 /* ImageService.swift */,
				97CCA8F426CE2A1200AA4276 /* Coordinator.swift */,
				97FBEB9226CE50C400FD5902 /* UIVIew+Sugar.swift */,
			);
			path = NewButtonApp;
			sourceTree = "<group>";
		};
		97D542A726CCFCDF008F04A0 /* Frameworks */ = {
			isa = PBXGroup;
			children = (
				97D542AC26CCFD21008F04A0 /* Framezilla.framework */,
				97D542B026CCFD8B008F04A0 /* Framezilla.framework */,
				97D542A826CCFCDF008F04A0 /* Framezilla.xcframework */,
			);
			name = Frameworks;
			sourceTree = "<group>";
		};
/* End PBXGroup section */

/* Begin PBXNativeTarget section */
		979C7CE026CCD566000FBE86 /* NewButtonApp */ = {
			isa = PBXNativeTarget;
			buildConfigurationList = 979C7CF526CCD56D000FBE86 /* Build configuration list for PBXNativeTarget "NewButtonApp" */;
			buildPhases = (
				979C7CDD26CCD566000FBE86 /* Sources */,
				979C7CDE26CCD566000FBE86 /* Frameworks */,
				979C7CDF26CCD566000FBE86 /* Resources */,
				97D542A626CCFC49008F04A0 /* Carthage */,
			);
			buildRules = (
			);
			dependencies = (
			);
			name = NewButtonApp;
			productName = NewButtonApp;
			productReference = 979C7CE126CCD566000FBE86 /* NewButtonApp.app */;
			productType = "com.apple.product-type.application";
		};
/* End PBXNativeTarget section */

/* Begin PBXProject section */
		979C7CD926CCD566000FBE86 /* Project object */ = {
			isa = PBXProject;
			attributes = {
				LastSwiftUpdateCheck = 1250;
				LastUpgradeCheck = 1250;
				TargetAttributes = {
					979C7CE026CCD566000FBE86 = {
						CreatedOnToolsVersion = 12.5.1;
					};
				};
			};
			buildConfigurationList = 979C7CDC26CCD566000FBE86 /* Build configuration list for PBXProject "NewButtonApp" */;
			compatibilityVersion = "Xcode 9.3";
			developmentRegion = en;
			hasScannedForEncodings = 0;
			knownRegions = (
				en,
				Base,
			);
			mainGroup = 979C7CD826CCD566000FBE86;
			productRefGroup = 979C7CE226CCD566000FBE86 /* Products */;
			projectDirPath = "";
			projectRoot = "";
			targets = (
				979C7CE026CCD566000FBE86 /* NewButtonApp */,
			);
		};
/* End PBXProject section */

/* Begin PBXResourcesBuildPhase section */
		979C7CDF26CCD566000FBE86 /* Resources */ = {
			isa = PBXResourcesBuildPhase;
			buildActionMask = 2147483647;
			files = (
				979C7CF126CCD56D000FBE86 /* LaunchScreen.storyboard in Resources */,
				979C7CEE26CCD56D000FBE86 /* Assets.xcassets in Resources */,
			);
			runOnlyForDeploymentPostprocessing = 0;
		};
/* End PBXResourcesBuildPhase section */

/* Begin PBXShellScriptBuildPhase section */
		97D542A626CCFC49008F04A0 /* Carthage */ = {
			isa = PBXShellScriptBuildPhase;
			buildActionMask = 2147483647;
			files = (
			);
			inputFileListPaths = (
			);
			inputPaths = (
				"$(SRCROOT)/Carthage/Build/iOS/Framezilla.framework",
			);
			name = Carthage;
			outputFileListPaths = (
			);
			outputPaths = (
				"$(BUILT_PRODUCTS_DIR)/$(FRAMEWORKS_FOLDER_PATH)/Framezilla.framework",
			);
			runOnlyForDeploymentPostprocessing = 0;
			shellPath = /bin/sh;
			shellScript = "/usr/local/bin/carthage copy-frameworks\n";
		};
/* End PBXShellScriptBuildPhase section */

/* Begin PBXSourcesBuildPhase section */
		979C7CDD26CCD566000FBE86 /* Sources */ = {
			isa = PBXSourcesBuildPhase;
			buildActionMask = 2147483647;
			files = (
				97D542B826CD039E008F04A0 /* SecondViewController.swift in Sources */,
				97FBEB9126CE35AD00FD5902 /* SceneDelegate.swift in Sources */,
				979C7CE926CCD566000FBE86 /* ViewController.swift in Sources */,
				97FBEB9326CE50C400FD5902 /* UIVIew+Sugar.swift in Sources */,
				979C7CE526CCD566000FBE86 /* AppDelegate.swift in Sources */,
				97D542BA26CD08B5008F04A0 /* ImageService.swift in Sources */,
				97CCA8F526CE2A1200AA4276 /* Coordinator.swift in Sources */,
			);
			runOnlyForDeploymentPostprocessing = 0;
		};
/* End PBXSourcesBuildPhase section */

/* Begin PBXVariantGroup section */
		979C7CEF26CCD56D000FBE86 /* LaunchScreen.storyboard */ = {
			isa = PBXVariantGroup;
			children = (
				979C7CF026CCD56D000FBE86 /* Base */,
			);
			name = LaunchScreen.storyboard;
			sourceTree = "<group>";
		};
/* End PBXVariantGroup section */

/* Begin XCBuildConfiguration section */
		979C7CF326CCD56D000FBE86 /* Debug */ = {
			isa = XCBuildConfiguration;
			buildSettings = {
				ALWAYS_SEARCH_USER_PATHS = NO;
				CLANG_ANALYZER_NONNULL = YES;
				CLANG_ANALYZER_NUMBER_OBJECT_CONVERSION = YES_AGGRESSIVE;
				CLANG_CXX_LANGUAGE_STANDARD = "gnu++14";
				CLANG_CXX_LIBRARY = "libc++";
				CLANG_ENABLE_MODULES = YES;
				CLANG_ENABLE_OBJC_ARC = YES;
				CLANG_ENABLE_OBJC_WEAK = YES;
				CLANG_WARN_BLOCK_CAPTURE_AUTORELEASING = YES;
				CLANG_WARN_BOOL_CONVERSION = YES;
				CLANG_WARN_COMMA = YES;
				CLANG_WARN_CONSTANT_CONVERSION = YES;
				CLANG_WARN_DEPRECATED_OBJC_IMPLEMENTATIONS = YES;
				CLANG_WARN_DIRECT_OBJC_ISA_USAGE = YES_ERROR;
				CLANG_WARN_DOCUMENTATION_COMMENTS = YES;
				CLANG_WARN_EMPTY_BODY = YES;
				CLANG_WARN_ENUM_CONVERSION = YES;
				CLANG_WARN_INFINITE_RECURSION = YES;
				CLANG_WARN_INT_CONVERSION = YES;
				CLANG_WARN_NON_LITERAL_NULL_CONVERSION = YES;
				CLANG_WARN_OBJC_IMPLICIT_RETAIN_SELF = YES;
				CLANG_WARN_OBJC_LITERAL_CONVERSION = YES;
				CLANG_WARN_OBJC_ROOT_CLASS = YES_ERROR;
				CLANG_WARN_QUOTED_INCLUDE_IN_FRAMEWORK_HEADER = YES;
				CLANG_WARN_RANGE_LOOP_ANALYSIS = YES;
				CLANG_WARN_STRICT_PROTOTYPES = YES;
				CLANG_WARN_SUSPICIOUS_MOVE = YES;
				CLANG_WARN_UNGUARDED_AVAILABILITY = YES_AGGRESSIVE;
				CLANG_WARN_UNREACHABLE_CODE = YES;
				CLANG_WARN__DUPLICATE_METHOD_MATCH = YES;
				COPY_PHASE_STRIP = NO;
				DEBUG_INFORMATION_FORMAT = dwarf;
				ENABLE_STRICT_OBJC_MSGSEND = YES;
				ENABLE_TESTABILITY = YES;
				GCC_C_LANGUAGE_STANDARD = gnu11;
				GCC_DYNAMIC_NO_PIC = NO;
				GCC_NO_COMMON_BLOCKS = YES;
				GCC_OPTIMIZATION_LEVEL = 0;
				GCC_PREPROCESSOR_DEFINITIONS = (
					"DEBUG=1",
					"$(inherited)",
				);
				GCC_WARN_64_TO_32_BIT_CONVERSION = YES;
				GCC_WARN_ABOUT_RETURN_TYPE = YES_ERROR;
				GCC_WARN_UNDECLARED_SELECTOR = YES;
				GCC_WARN_UNINITIALIZED_AUTOS = YES_AGGRESSIVE;
				GCC_WARN_UNUSED_FUNCTION = YES;
				GCC_WARN_UNUSED_VARIABLE = YES;
				IPHONEOS_DEPLOYMENT_TARGET = 14.5;
				MTL_ENABLE_DEBUG_INFO = INCLUDE_SOURCE;
				MTL_FAST_MATH = YES;
				ONLY_ACTIVE_ARCH = YES;
				SDKROOT = iphoneos;
				SWIFT_ACTIVE_COMPILATION_CONDITIONS = DEBUG;
				SWIFT_OPTIMIZATION_LEVEL = "-Onone";
			};
			name = Debug;
		};
		979C7CF426CCD56D000FBE86 /* Release */ = {
			isa = XCBuildConfiguration;
			buildSettings = {
				ALWAYS_SEARCH_USER_PATHS = NO;
				CLANG_ANALYZER_NONNULL = YES;
				CLANG_ANALYZER_NUMBER_OBJECT_CONVERSION = YES_AGGRESSIVE;
				CLANG_CXX_LANGUAGE_STANDARD = "gnu++14";
				CLANG_CXX_LIBRARY = "libc++";
				CLANG_ENABLE_MODULES = YES;
				CLANG_ENABLE_OBJC_ARC = YES;
				CLANG_ENABLE_OBJC_WEAK = YES;
				CLANG_WARN_BLOCK_CAPTURE_AUTORELEASING = YES;
				CLANG_WARN_BOOL_CONVERSION = YES;
				CLANG_WARN_COMMA = YES;
				CLANG_WARN_CONSTANT_CONVERSION = YES;
				CLANG_WARN_DEPRECATED_OBJC_IMPLEMENTATIONS = YES;
				CLANG_WARN_DIRECT_OBJC_ISA_USAGE = YES_ERROR;
				CLANG_WARN_DOCUMENTATION_COMMENTS = YES;
				CLANG_WARN_EMPTY_BODY = YES;
				CLANG_WARN_ENUM_CONVERSION = YES;
				CLANG_WARN_INFINITE_RECURSION = YES;
				CLANG_WARN_INT_CONVERSION = YES;
				CLANG_WARN_NON_LITERAL_NULL_CONVERSION = YES;
				CLANG_WARN_OBJC_IMPLICIT_RETAIN_SELF = YES;
				CLANG_WARN_OBJC_LITERAL_CONVERSION = YES;
				CLANG_WARN_OBJC_ROOT_CLASS = YES_ERROR;
				CLANG_WARN_QUOTED_INCLUDE_IN_FRAMEWORK_HEADER = YES;
				CLANG_WARN_RANGE_LOOP_ANALYSIS = YES;
				CLANG_WARN_STRICT_PROTOTYPES = YES;
				CLANG_WARN_SUSPICIOUS_MOVE = YES;
				CLANG_WARN_UNGUARDED_AVAILABILITY = YES_AGGRESSIVE;
				CLANG_WARN_UNREACHABLE_CODE = YES;
				CLANG_WARN__DUPLICATE_METHOD_MATCH = YES;
				COPY_PHASE_STRIP = NO;
				DEBUG_INFORMATION_FORMAT = "dwarf-with-dsym";
				ENABLE_NS_ASSERTIONS = NO;
				ENABLE_STRICT_OBJC_MSGSEND = YES;
				GCC_C_LANGUAGE_STANDARD = gnu11;
				GCC_NO_COMMON_BLOCKS = YES;
				GCC_WARN_64_TO_32_BIT_CONVERSION = YES;
				GCC_WARN_ABOUT_RETURN_TYPE = YES_ERROR;
				GCC_WARN_UNDECLARED_SELECTOR = YES;
				GCC_WARN_UNINITIALIZED_AUTOS = YES_AGGRESSIVE;
				GCC_WARN_UNUSED_FUNCTION = YES;
				GCC_WARN_UNUSED_VARIABLE = YES;
				IPHONEOS_DEPLOYMENT_TARGET = 14.5;
				MTL_ENABLE_DEBUG_INFO = NO;
				MTL_FAST_MATH = YES;
				SDKROOT = iphoneos;
				SWIFT_COMPILATION_MODE = wholemodule;
				SWIFT_OPTIMIZATION_LEVEL = "-O";
				VALIDATE_PRODUCT = YES;
			};
			name = Release;
		};
		979C7CF626CCD56D000FBE86 /* Debug */ = {
			isa = XCBuildConfiguration;
			buildSettings = {
				ASSETCATALOG_COMPILER_APPICON_NAME = AppIcon;
				ASSETCATALOG_COMPILER_GLOBAL_ACCENT_COLOR_NAME = AccentColor;
				CODE_SIGN_STYLE = Automatic;
				DEVELOPMENT_TEAM = 5833UA6FFA;
				FRAMEWORK_SEARCH_PATHS = (
					"$(inherited)",
					"$(PROJECT_DIR)/Carthage/Build/Framezilla.xcframework/ios-arm64_armv7",
					"$(PROJECT_DIR)/Carthage/Build/Framezilla.xcframework/ios-arm64_i386_x86_64-simulator",
				);
				INFOPLIST_FILE = NewButtonApp/Info.plist;
				LD_RUNPATH_SEARCH_PATHS = (
					"$(inherited)",
					"@executable_path/Frameworks",
				);
				PRODUCT_BUNDLE_IDENTIFIER = none.NewButtonApp;
				PRODUCT_NAME = "$(TARGET_NAME)";
				SWIFT_VERSION = 5.0;
				TARGETED_DEVICE_FAMILY = "1,2";
			};
			name = Debug;
		};
		979C7CF726CCD56D000FBE86 /* Release */ = {
			isa = XCBuildConfiguration;
			buildSettings = {
				ASSETCATALOG_COMPILER_APPICON_NAME = AppIcon;
				ASSETCATALOG_COMPILER_GLOBAL_ACCENT_COLOR_NAME = AccentColor;
				CODE_SIGN_STYLE = Automatic;
				DEVELOPMENT_TEAM = 5833UA6FFA;
				FRAMEWORK_SEARCH_PATHS = (
					"$(inherited)",
					"$(PROJECT_DIR)/Carthage/Build/Framezilla.xcframework/ios-arm64_armv7",
					"$(PROJECT_DIR)/Carthage/Build/Framezilla.xcframework/ios-arm64_i386_x86_64-simulator",
				);
				INFOPLIST_FILE = NewButtonApp/Info.plist;
				LD_RUNPATH_SEARCH_PATHS = (
					"$(inherited)",
					"@executable_path/Frameworks",
				);
				PRODUCT_BUNDLE_IDENTIFIER = none.NewButtonApp;
				PRODUCT_NAME = "$(TARGET_NAME)";
				SWIFT_VERSION = 5.0;
				TARGETED_DEVICE_FAMILY = "1,2";
			};
			name = Release;
		};
/* End XCBuildConfiguration section */

/* Begin XCConfigurationList section */
		979C7CDC26CCD566000FBE86 /* Build configuration list for PBXProject "NewButtonApp" */ = {
			isa = XCConfigurationList;
			buildConfigurations = (
				979C7CF326CCD56D000FBE86 /* Debug */,
				979C7CF426CCD56D000FBE86 /* Release */,
			);
			defaultConfigurationIsVisible = 0;
			defaultConfigurationName = Release;
		};
		979C7CF526CCD56D000FBE86 /* Build configuration list for PBXNativeTarget "NewButtonApp" */ = {
			isa = XCConfigurationList;
			buildConfigurations = (
				979C7CF626CCD56D000FBE86 /* Debug */,
				979C7CF726CCD56D000FBE86 /* Release */,
			);
			defaultConfigurationIsVisible = 0;
			defaultConfigurationName = Release;
		};
/* End XCConfigurationList section */
	};
	rootObject = 979C7CD926CCD566000FBE86 /* Project object */;
}
